
Microsoft Visual Studio Solution File, Format Version 12.00
# Visual Studio 15
VisualStudioVersion = 15.0.27625.0
MinimumVisualStudioVersion = 10.0.40219.1
Project("{FAE04EC0-301F-11D3-BF4B-00C04F79EFBC}") = "WebApplication1", "WebApplication1\WebApplication1.csproj", "{E318795F-7764-40C3-A1CE-262744BB88BC}"
EndProject
Global
	GlobalSection(SolutionConfigurationPlatforms) = preSolution
		Debug|Any CPU = Debug|Any CPU
		Release|Any CPU = Release|Any CPU
	EndGlobalSection
	GlobalSection(ProjectConfigurationPlatforms) = postSolution
		{E318795F-7764-40C3-A1CE-262744BB88BC}.Debug|Any CPU.ActiveCfg = Debug|Any CPU
		{E318795F-7764-40C3-A1CE-262744BB88BC}.Debug|Any CPU.Build.0 = Debug|Any CPU
		{E318795F-7764-40C3-A1CE-262744BB88BC}.Release|Any CPU.ActiveCfg = Release|Any CPU
		{E318795F-7764-40C3-A1CE-262744BB88BC}.Release|Any CPU.Build.0 = Release|Any CPU
	EndGlobalSection
	GlobalSection(SolutionProperties) = preSolution
		HideSolutionNode = FALSE
	EndGlobalSection
	GlobalSection(ExtensibilityGlobals) = postSolution
		SolutionGuid = {C023ECB0-19FF-4C4C-AB22-301E2FB54700}
	EndGlobalSection
EndGlobal
